
Microsoft Visual Studio Solution File, Format Version 12.00
# Visual Studio 15
VisualStudioVersion = 15.0.28307.572
MinimumVisualStudioVersion = 10.0.40219.1
Project("{FAE04EC0-301F-11D3-BF4B-00C04F79EFBC}") = "Mqtt.IoTCore.FieldGateway.LoRa", "Mqtt.IoTCore.FieldGateway.LoRa\Mqtt.IoTCore.FieldGateway.LoRa.csproj", "{B0FCF65E-A145-4E11-B2AF-CBDE791B6BD1}"
EndProject
Project("{FAE04EC0-301F-11D3-BF4B-00C04F79EFBC}") = "Rfm9XLoRaDevice", "Rfm9XLoRaDevice\Rfm9XLoRaDevice.csproj", "{7C875578-673E-4896-8B01-8CD9F6DF0C7D}"
EndProject
Project("{9A19103F-16F7-4668-BE54-9A1E7A4F7556}") = "TestClient.MQTTnet.MyDevicesCayenne", "TestClient.MQTTnet.MyDevicesCayenne\TestClient.MQTTnet.MyDevicesCayenne.csproj", "{4714CA42-BA37-4CE3-ABAC-0B727FBD4F53}"
EndProject
Project("{9A19103F-16F7-4668-BE54-9A1E7A4F7556}") = "TestClient.MQTTnet.AdafruitIO", "TestClient.MQTTnet.AdafruitIO\TestClient.MQTTnet.AdafruitIO.csproj", "{B29865D6-5F41-4ED6-B05B-0A1DE4B2AFDB}"
EndProject
Project("{9A19103F-16F7-4668-BE54-9A1E7A4F7556}") = "TestClient.MQTTnet.Losant", "TestClient.MQTTnet.Losant\TestClient.MQTTnet.Losant.csproj", "{34BA1B1D-B857-4326-A211-39A321B85FED}"
EndProject
Project("{9A19103F-16F7-4668-BE54-9A1E7A4F7556}") = "TestClient.MQTTnet.Ubidots", "TestClient.MQTTnet.Ubidots\TestClient.MQTTnet.Ubidots.csproj", "{643403FC-6175-403D-9FC2-3CF4FC1070D3}"
EndProject
Project("{FAE04EC0-301F-11D3-BF4B-00C04F79EFBC}") = "IMessageHandler", "IMessageHandler\IMessageHandler.csproj", "{B9170EC9-80BB-402C-B0B6-ED555EB78403}"
EndProject
Project("{FAE04EC0-301F-11D3-BF4B-00C04F79EFBC}") = "Mqtt.IoTCore.FieldGateway.LoRa.Losant", "Mqtt.IoTCore.FieldGateway.LoRa.Losant\Mqtt.IoTCore.FieldGateway.LoRa.Losant.csproj", "{60DC2425-D777-4378-964E-3FB0C1C86927}"
EndProject
Project("{FAE04EC0-301F-11D3-BF4B-00C04F79EFBC}") = "Mqtt.IoTCore.FieldGateway.LoRa.Adafruit", "Mqtt.IoTCore.FieldGateway.LoRa.Adafruit\Mqtt.IoTCore.FieldGateway.LoRa.Adafruit.csproj", "{712FD4DF-E01C-48A2-B35C-41773ACBE40A}"
EndProject
Project("{FAE04EC0-301F-11D3-BF4B-00C04F79EFBC}") = "Mqtt.IoTCore.FieldGateway.LoRa.Ubidots", "Mqtt.IoTCore.FieldGateway.LoRa.Ubidots\Mqtt.IoTCore.FieldGateway.LoRa.Ubidots.csproj", "{982D0EA7-9E43-497B-8F73-992EC268C025}"
EndProject
Project("{FAE04EC0-301F-11D3-BF4B-00C04F79EFBC}") = "MessageHandler", "MessageHandler\MessageHandler.csproj", "{33D5E5F7-CE4E-4379-867D-EE3D1DA7C6C3}"
EndProject
Project("{9A19103F-16F7-4668-BE54-9A1E7A4F7556}") = "TestClient.MQTTnet.AskSensors", "TestClient.MQTTnet.AskSensors\TestClient.MQTTnet.AskSensors.csproj", "{44665223-0291-4F37-A40F-05F05C96C14D}"
EndProject
Project("{9A19103F-16F7-4668-BE54-9A1E7A4F7556}") = "TestClient.MQTTnet.MathWorksThingSpeak", "TestClient.MQTTnet.MathWorksThingSpeak\TestClient.MQTTnet.MathWorksThingSpeak.csproj", "{46914FDE-8259-4CDA-B0C4-BF63CDE85414}"
EndProject
Project("{9A19103F-16F7-4668-BE54-9A1E7A4F7556}") = "TestClient.MQTTnet.AzureIoTHub", "TestClient.MQTTnet.AzureIoTHub\TestClient.MQTTnet.AzureIoTHub.csproj", "{25BCC51E-4242-48D5-8F7F-63B92AE9BA6F}"
EndProject
Project("{FAE04EC0-301F-11D3-BF4B-00C04F79EFBC}") = "Mqtt.IoTCore.FieldGateway.LoRa.AzureIoTHub", "Mqtt.IoTCore.FieldGateway.LoRa.AzureIoTHub\Mqtt.IoTCore.FieldGateway.LoRa.AzureIoTHub.csproj", "{3DD34FD2-452B-49B6-BB64-94DEB69E7D25}"
EndProject
Project("{9A19103F-16F7-4668-BE54-9A1E7A4F7556}") = "TestClient.MQTTnet.ThingsBoard", "TestClient.MQTTnet.ThingsBoard\TestClient.MQTTnet.ThingsBoard.csproj", "{86BECEEA-5800-423E-9752-6C0229CE893B}"
EndProject
Project("{FAE04EC0-301F-11D3-BF4B-00C04F79EFBC}") = "TestClient.MQTTnet.SmartWorks", "TestClient.MQTTnet.SmartWorks\TestClient.MQTTnet.SmartWorks.csproj", "{3F1BEF61-D0BF-4781-A408-46569CA82C8E}"
EndProject
Global
	GlobalSection(SolutionConfigurationPlatforms) = preSolution
		Debug|Any CPU = Debug|Any CPU
		Debug|ARM = Debug|ARM
		Debug|ARM64 = Debug|ARM64
		Debug|x64 = Debug|x64
		Debug|x86 = Debug|x86
		Release|Any CPU = Release|Any CPU
		Release|ARM = Release|ARM
		Release|ARM64 = Release|ARM64
		Release|x64 = Release|x64
		Release|x86 = Release|x86
	EndGlobalSection
	GlobalSection(ProjectConfigurationPlatforms) = postSolution
		{B0FCF65E-A145-4E11-B2AF-CBDE791B6BD1}.Debug|Any CPU.ActiveCfg = Debug|ARM
		{B0FCF65E-A145-4E11-B2AF-CBDE791B6BD1}.Debug|Any CPU.Build.0 = Debug|ARM
		{B0FCF65E-A145-4E11-B2AF-CBDE791B6BD1}.Debug|Any CPU.Deploy.0 = Debug|ARM
		{B0FCF65E-A145-4E11-B2AF-CBDE791B6BD1}.Debug|ARM.ActiveCfg = Debug|ARM
		{B0FCF65E-A145-4E11-B2AF-CBDE791B6BD1}.Debug|ARM.Build.0 = Debug|ARM
		{B0FCF65E-A145-4E11-B2AF-CBDE791B6BD1}.Debug|ARM.Deploy.0 = Debug|ARM
		{B0FCF65E-A145-4E11-B2AF-CBDE791B6BD1}.Debug|ARM64.ActiveCfg = Debug|x86
		{B0FCF65E-A145-4E11-B2AF-CBDE791B6BD1}.Debug|x64.ActiveCfg = Debug|x64
		{B0FCF65E-A145-4E11-B2AF-CBDE791B6BD1}.Debug|x64.Build.0 = Debug|x64
		{B0FCF65E-A145-4E11-B2AF-CBDE791B6BD1}.Debug|x64.Deploy.0 = Debug|x64
		{B0FCF65E-A145-4E11-B2AF-CBDE791B6BD1}.Debug|x86.ActiveCfg = Debug|x86
		{B0FCF65E-A145-4E11-B2AF-CBDE791B6BD1}.Debug|x86.Build.0 = Debug|x86
		{B0FCF65E-A145-4E11-B2AF-CBDE791B6BD1}.Debug|x86.Deploy.0 = Debug|x86
		{B0FCF65E-A145-4E11-B2AF-CBDE791B6BD1}.Release|Any CPU.ActiveCfg = Release|x86
		{B0FCF65E-A145-4E11-B2AF-CBDE791B6BD1}.Release|ARM.ActiveCfg = Release|ARM
		{B0FCF65E-A145-4E11-B2AF-CBDE791B6BD1}.Release|ARM.Build.0 = Release|ARM
		{B0FCF65E-A145-4E11-B2AF-CBDE791B6BD1}.Release|ARM.Deploy.0 = Release|ARM
		{B0FCF65E-A145-4E11-B2AF-CBDE791B6BD1}.Release|ARM64.ActiveCfg = Release|x86
		{B0FCF65E-A145-4E11-B2AF-CBDE791B6BD1}.Release|x64.ActiveCfg = Release|x64
		{B0FCF65E-A145-4E11-B2AF-CBDE791B6BD1}.Release|x64.Build.0 = Release|x64
		{B0FCF65E-A145-4E11-B2AF-CBDE791B6BD1}.Release|x64.Deploy.0 = Release|x64
		{B0FCF65E-A145-4E11-B2AF-CBDE791B6BD1}.Release|x86.ActiveCfg = Release|x86
		{B0FCF65E-A145-4E11-B2AF-CBDE791B6BD1}.Release|x86.Build.0 = Release|x86
		{B0FCF65E-A145-4E11-B2AF-CBDE791B6BD1}.Release|x86.Deploy.0 = Release|x86
		{7C875578-673E-4896-8B01-8CD9F6DF0C7D}.Debug|Any CPU.ActiveCfg = Debug|ARM
		{7C875578-673E-4896-8B01-8CD9F6DF0C7D}.Debug|Any CPU.Build.0 = Debug|ARM
		{7C875578-673E-4896-8B01-8CD9F6DF0C7D}.Debug|ARM.ActiveCfg = Debug|ARM
		{7C875578-673E-4896-8B01-8CD9F6DF0C7D}.Debug|ARM.Build.0 = Debug|ARM
		{7C875578-673E-4896-8B01-8CD9F6DF0C7D}.Debug|ARM64.ActiveCfg = Debug|Any CPU
		{7C875578-673E-4896-8B01-8CD9F6DF0C7D}.Debug|ARM64.Build.0 = Debug|Any CPU
		{7C875578-673E-4896-8B01-8CD9F6DF0C7D}.Debug|x64.ActiveCfg = Debug|x64
		{7C875578-673E-4896-8B01-8CD9F6DF0C7D}.Debug|x64.Build.0 = Debug|x64
		{7C875578-673E-4896-8B01-8CD9F6DF0C7D}.Debug|x86.ActiveCfg = Debug|x86
		{7C875578-673E-4896-8B01-8CD9F6DF0C7D}.Debug|x86.Build.0 = Debug|x86
		{7C875578-673E-4896-8B01-8CD9F6DF0C7D}.Release|Any CPU.ActiveCfg = Release|Any CPU
		{7C875578-673E-4896-8B01-8CD9F6DF0C7D}.Release|Any CPU.Build.0 = Release|Any CPU
		{7C875578-673E-4896-8B01-8CD9F6DF0C7D}.Release|ARM.ActiveCfg = Release|ARM
		{7C875578-673E-4896-8B01-8CD9F6DF0C7D}.Release|ARM.Build.0 = Release|ARM
		{7C875578-673E-4896-8B01-8CD9F6DF0C7D}.Release|ARM64.ActiveCfg = Release|Any CPU
		{7C875578-673E-4896-8B01-8CD9F6DF0C7D}.Release|ARM64.Build.0 = Release|Any CPU
		{7C875578-673E-4896-8B01-8CD9F6DF0C7D}.Release|x64.ActiveCfg = Release|x64
		{7C875578-673E-4896-8B01-8CD9F6DF0C7D}.Release|x64.Build.0 = Release|x64
		{7C875578-673E-4896-8B01-8CD9F6DF0C7D}.Release|x86.ActiveCfg = Release|x86
		{7C875578-673E-4896-8B01-8CD9F6DF0C7D}.Release|x86.Build.0 = Release|x86
		{4714CA42-BA37-4CE3-ABAC-0B727FBD4F53}.Debug|Any CPU.ActiveCfg = Debug|Any CPU
		{4714CA42-BA37-4CE3-ABAC-0B727FBD4F53}.Debug|Any CPU.Build.0 = Debug|Any CPU
		{4714CA42-BA37-4CE3-ABAC-0B727FBD4F53}.Debug|ARM.ActiveCfg = Debug|Any CPU
		{4714CA42-BA37-4CE3-ABAC-0B727FBD4F53}.Debug|ARM.Build.0 = Debug|Any CPU
		{4714CA42-BA37-4CE3-ABAC-0B727FBD4F53}.Debug|ARM64.ActiveCfg = Debug|Any CPU
		{4714CA42-BA37-4CE3-ABAC-0B727FBD4F53}.Debug|ARM64.Build.0 = Debug|Any CPU
		{4714CA42-BA37-4CE3-ABAC-0B727FBD4F53}.Debug|x64.ActiveCfg = Debug|Any CPU
		{4714CA42-BA37-4CE3-ABAC-0B727FBD4F53}.Debug|x64.Build.0 = Debug|Any CPU
		{4714CA42-BA37-4CE3-ABAC-0B727FBD4F53}.Debug|x86.ActiveCfg = Debug|Any CPU
		{4714CA42-BA37-4CE3-ABAC-0B727FBD4F53}.Debug|x86.Build.0 = Debug|Any CPU
		{4714CA42-BA37-4CE3-ABAC-0B727FBD4F53}.Release|Any CPU.ActiveCfg = Release|Any CPU
		{4714CA42-BA37-4CE3-ABAC-0B727FBD4F53}.Release|Any CPU.Build.0 = Release|Any CPU
		{4714CA42-BA37-4CE3-ABAC-0B727FBD4F53}.Release|ARM.ActiveCfg = Release|Any CPU
		{4714CA42-BA37-4CE3-ABAC-0B727FBD4F53}.Release|ARM.Build.0 = Release|Any CPU
		{4714CA42-BA37-4CE3-ABAC-0B727FBD4F53}.Release|ARM64.ActiveCfg = Release|Any CPU
		{4714CA42-BA37-4CE3-ABAC-0B727FBD4F53}.Release|ARM64.Build.0 = Release|Any CPU
		{4714CA42-BA37-4CE3-ABAC-0B727FBD4F53}.Release|x64.ActiveCfg = Release|Any CPU
		{4714CA42-BA37-4CE3-ABAC-0B727FBD4F53}.Release|x64.Build.0 = Release|Any CPU
		{4714CA42-BA37-4CE3-ABAC-0B727FBD4F53}.Release|x86.ActiveCfg = Release|Any CPU
		{4714CA42-BA37-4CE3-ABAC-0B727FBD4F53}.Release|x86.Build.0 = Release|Any CPU
		{B29865D6-5F41-4ED6-B05B-0A1DE4B2AFDB}.Debug|Any CPU.ActiveCfg = Debug|Any CPU
		{B29865D6-5F41-4ED6-B05B-0A1DE4B2AFDB}.Debug|Any CPU.Build.0 = Debug|Any CPU
		{B29865D6-5F41-4ED6-B05B-0A1DE4B2AFDB}.Debug|ARM.ActiveCfg = Debug|Any CPU
		{B29865D6-5F41-4ED6-B05B-0A1DE4B2AFDB}.Debug|ARM.Build.0 = Debug|Any CPU
		{B29865D6-5F41-4ED6-B05B-0A1DE4B2AFDB}.Debug|ARM64.ActiveCfg = Debug|Any CPU
		{B29865D6-5F41-4ED6-B05B-0A1DE4B2AFDB}.Debug|ARM64.Build.0 = Debug|Any CPU
		{B29865D6-5F41-4ED6-B05B-0A1DE4B2AFDB}.Debug|x64.ActiveCfg = Debug|Any CPU
		{B29865D6-5F41-4ED6-B05B-0A1DE4B2AFDB}.Debug|x64.Build.0 = Debug|Any CPU
		{B29865D6-5F41-4ED6-B05B-0A1DE4B2AFDB}.Debug|x86.ActiveCfg = Debug|Any CPU
		{B29865D6-5F41-4ED6-B05B-0A1DE4B2AFDB}.Debug|x86.Build.0 = Debug|Any CPU
		{B29865D6-5F41-4ED6-B05B-0A1DE4B2AFDB}.Release|Any CPU.ActiveCfg = Release|Any CPU
		{B29865D6-5F41-4ED6-B05B-0A1DE4B2AFDB}.Release|Any CPU.Build.0 = Release|Any CPU
		{B29865D6-5F41-4ED6-B05B-0A1DE4B2AFDB}.Release|ARM.ActiveCfg = Release|Any CPU
		{B29865D6-5F41-4ED6-B05B-0A1DE4B2AFDB}.Release|ARM.Build.0 = Release|Any CPU
		{B29865D6-5F41-4ED6-B05B-0A1DE4B2AFDB}.Release|ARM64.ActiveCfg = Release|Any CPU
		{B29865D6-5F41-4ED6-B05B-0A1DE4B2AFDB}.Release|ARM64.Build.0 = Release|Any CPU
		{B29865D6-5F41-4ED6-B05B-0A1DE4B2AFDB}.Release|x64.ActiveCfg = Release|Any CPU
		{B29865D6-5F41-4ED6-B05B-0A1DE4B2AFDB}.Release|x64.Build.0 = Release|Any CPU
		{B29865D6-5F41-4ED6-B05B-0A1DE4B2AFDB}.Release|x86.ActiveCfg = Release|Any CPU
		{B29865D6-5F41-4ED6-B05B-0A1DE4B2AFDB}.Release|x86.Build.0 = Release|Any CPU
		{34BA1B1D-B857-4326-A211-39A321B85FED}.Debug|Any CPU.ActiveCfg = Debug|Any CPU
		{34BA1B1D-B857-4326-A211-39A321B85FED}.Debug|Any CPU.Build.0 = Debug|Any CPU
		{34BA1B1D-B857-4326-A211-39A321B85FED}.Debug|ARM.ActiveCfg = Debug|Any CPU
		{34BA1B1D-B857-4326-A211-39A321B85FED}.Debug|ARM.Build.0 = Debug|Any CPU
		{34BA1B1D-B857-4326-A211-39A321B85FED}.Debug|ARM64.ActiveCfg = Debug|Any CPU
		{34BA1B1D-B857-4326-A211-39A321B85FED}.Debug|ARM64.Build.0 = Debug|Any CPU
		{34BA1B1D-B857-4326-A211-39A321B85FED}.Debug|x64.ActiveCfg = Debug|Any CPU
		{34BA1B1D-B857-4326-A211-39A321B85FED}.Debug|x64.Build.0 = Debug|Any CPU
		{34BA1B1D-B857-4326-A211-39A321B85FED}.Debug|x86.ActiveCfg = Debug|Any CPU
		{34BA1B1D-B857-4326-A211-39A321B85FED}.Debug|x86.Build.0 = Debug|Any CPU
		{34BA1B1D-B857-4326-A211-39A321B85FED}.Release|Any CPU.ActiveCfg = Release|Any CPU
		{34BA1B1D-B857-4326-A211-39A321B85FED}.Release|Any CPU.Build.0 = Release|Any CPU
		{34BA1B1D-B857-4326-A211-39A321B85FED}.Release|ARM.ActiveCfg = Release|Any CPU
		{34BA1B1D-B857-4326-A211-39A321B85FED}.Release|ARM.Build.0 = Release|Any CPU
		{34BA1B1D-B857-4326-A211-39A321B85FED}.Release|ARM64.ActiveCfg = Release|Any CPU
		{34BA1B1D-B857-4326-A211-39A321B85FED}.Release|ARM64.Build.0 = Release|Any CPU
		{34BA1B1D-B857-4326-A211-39A321B85FED}.Release|x64.ActiveCfg = Release|Any CPU
		{34BA1B1D-B857-4326-A211-39A321B85FED}.Release|x64.Build.0 = Release|Any CPU
		{34BA1B1D-B857-4326-A211-39A321B85FED}.Release|x86.ActiveCfg = Release|Any CPU
		{34BA1B1D-B857-4326-A211-39A321B85FED}.Release|x86.Build.0 = Release|Any CPU
		{643403FC-6175-403D-9FC2-3CF4FC1070D3}.Debug|Any CPU.ActiveCfg = Debug|Any CPU
		{643403FC-6175-403D-9FC2-3CF4FC1070D3}.Debug|Any CPU.Build.0 = Debug|Any CPU
		{643403FC-6175-403D-9FC2-3CF4FC1070D3}.Debug|ARM.ActiveCfg = Debug|Any CPU
		{643403FC-6175-403D-9FC2-3CF4FC1070D3}.Debug|ARM.Build.0 = Debug|Any CPU
		{643403FC-6175-403D-9FC2-3CF4FC1070D3}.Debug|ARM64.ActiveCfg = Debug|Any CPU
		{643403FC-6175-403D-9FC2-3CF4FC1070D3}.Debug|ARM64.Build.0 = Debug|Any CPU
		{643403FC-6175-403D-9FC2-3CF4FC1070D3}.Debug|x64.ActiveCfg = Debug|Any CPU
		{643403FC-6175-403D-9FC2-3CF4FC1070D3}.Debug|x64.Build.0 = Debug|Any CPU
		{643403FC-6175-403D-9FC2-3CF4FC1070D3}.Debug|x86.ActiveCfg = Debug|Any CPU
		{643403FC-6175-403D-9FC2-3CF4FC1070D3}.Debug|x86.Build.0 = Debug|Any CPU
		{643403FC-6175-403D-9FC2-3CF4FC1070D3}.Release|Any CPU.ActiveCfg = Release|Any CPU
		{643403FC-6175-403D-9FC2-3CF4FC1070D3}.Release|Any CPU.Build.0 = Release|Any CPU
		{643403FC-6175-403D-9FC2-3CF4FC1070D3}.Release|ARM.ActiveCfg = Release|Any CPU
		{643403FC-6175-403D-9FC2-3CF4FC1070D3}.Release|ARM.Build.0 = Release|Any CPU
		{643403FC-6175-403D-9FC2-3CF4FC1070D3}.Release|ARM64.ActiveCfg = Release|Any CPU
		{643403FC-6175-403D-9FC2-3CF4FC1070D3}.Release|ARM64.Build.0 = Release|Any CPU
		{643403FC-6175-403D-9FC2-3CF4FC1070D3}.Release|x64.ActiveCfg = Release|Any CPU
		{643403FC-6175-403D-9FC2-3CF4FC1070D3}.Release|x64.Build.0 = Release|Any CPU
		{643403FC-6175-403D-9FC2-3CF4FC1070D3}.Release|x86.ActiveCfg = Release|Any CPU
		{643403FC-6175-403D-9FC2-3CF4FC1070D3}.Release|x86.Build.0 = Release|Any CPU
		{B9170EC9-80BB-402C-B0B6-ED555EB78403}.Debug|Any CPU.ActiveCfg = Debug|Any CPU
		{B9170EC9-80BB-402C-B0B6-ED555EB78403}.Debug|Any CPU.Build.0 = Debug|Any CPU
		{B9170EC9-80BB-402C-B0B6-ED555EB78403}.Debug|ARM.ActiveCfg = Debug|ARM
		{B9170EC9-80BB-402C-B0B6-ED555EB78403}.Debug|ARM.Build.0 = Debug|ARM
		{B9170EC9-80BB-402C-B0B6-ED555EB78403}.Debug|ARM64.ActiveCfg = Debug|ARM64
		{B9170EC9-80BB-402C-B0B6-ED555EB78403}.Debug|ARM64.Build.0 = Debug|ARM64
		{B9170EC9-80BB-402C-B0B6-ED555EB78403}.Debug|x64.ActiveCfg = Debug|x64
		{B9170EC9-80BB-402C-B0B6-ED555EB78403}.Debug|x64.Build.0 = Debug|x64
		{B9170EC9-80BB-402C-B0B6-ED555EB78403}.Debug|x86.ActiveCfg = Debug|x86
		{B9170EC9-80BB-402C-B0B6-ED555EB78403}.Debug|x86.Build.0 = Debug|x86
		{B9170EC9-80BB-402C-B0B6-ED555EB78403}.Release|Any CPU.ActiveCfg = Release|Any CPU
		{B9170EC9-80BB-402C-B0B6-ED555EB78403}.Release|Any CPU.Build.0 = Release|Any CPU
		{B9170EC9-80BB-402C-B0B6-ED555EB78403}.Release|ARM.ActiveCfg = Release|ARM
		{B9170EC9-80BB-402C-B0B6-ED555EB78403}.Release|ARM.Build.0 = Release|ARM
		{B9170EC9-80BB-402C-B0B6-ED555EB78403}.Release|ARM64.ActiveCfg = Release|ARM64
		{B9170EC9-80BB-402C-B0B6-ED555EB78403}.Release|ARM64.Build.0 = Release|ARM64
		{B9170EC9-80BB-402C-B0B6-ED555EB78403}.Release|x64.ActiveCfg = Release|x64
		{B9170EC9-80BB-402C-B0B6-ED555EB78403}.Release|x64.Build.0 = Release|x64
		{B9170EC9-80BB-402C-B0B6-ED555EB78403}.Release|x86.ActiveCfg = Release|x86
		{B9170EC9-80BB-402C-B0B6-ED555EB78403}.Release|x86.Build.0 = Release|x86
		{60DC2425-D777-4378-964E-3FB0C1C86927}.Debug|Any CPU.ActiveCfg = Debug|Any CPU
		{60DC2425-D777-4378-964E-3FB0C1C86927}.Debug|Any CPU.Build.0 = Debug|Any CPU
		{60DC2425-D777-4378-964E-3FB0C1C86927}.Debug|ARM.ActiveCfg = Debug|ARM
		{60DC2425-D777-4378-964E-3FB0C1C86927}.Debug|ARM.Build.0 = Debug|ARM
		{60DC2425-D777-4378-964E-3FB0C1C86927}.Debug|ARM64.ActiveCfg = Debug|ARM64
		{60DC2425-D777-4378-964E-3FB0C1C86927}.Debug|ARM64.Build.0 = Debug|ARM64
		{60DC2425-D777-4378-964E-3FB0C1C86927}.Debug|x64.ActiveCfg = Debug|x64
		{60DC2425-D777-4378-964E-3FB0C1C86927}.Debug|x64.Build.0 = Debug|x64
		{60DC2425-D777-4378-964E-3FB0C1C86927}.Debug|x86.ActiveCfg = Debug|x86
		{60DC2425-D777-4378-964E-3FB0C1C86927}.Debug|x86.Build.0 = Debug|x86
		{60DC2425-D777-4378-964E-3FB0C1C86927}.Release|Any CPU.ActiveCfg = Release|Any CPU
		{60DC2425-D777-4378-964E-3FB0C1C86927}.Release|Any CPU.Build.0 = Release|Any CPU
		{60DC2425-D777-4378-964E-3FB0C1C86927}.Release|ARM.ActiveCfg = Release|ARM
		{60DC2425-D777-4378-964E-3FB0C1C86927}.Release|ARM.Build.0 = Release|ARM
		{60DC2425-D777-4378-964E-3FB0C1C86927}.Release|ARM64.ActiveCfg = Release|ARM64
		{60DC2425-D777-4378-964E-3FB0C1C86927}.Release|ARM64.Build.0 = Release|ARM64
		{60DC2425-D777-4378-964E-3FB0C1C86927}.Release|x64.ActiveCfg = Release|x64
		{60DC2425-D777-4378-964E-3FB0C1C86927}.Release|x64.Build.0 = Release|x64
		{60DC2425-D777-4378-964E-3FB0C1C86927}.Release|x86.ActiveCfg = Release|x86
		{60DC2425-D777-4378-964E-3FB0C1C86927}.Release|x86.Build.0 = Release|x86
		{712FD4DF-E01C-48A2-B35C-41773ACBE40A}.Debug|Any CPU.ActiveCfg = Debug|Any CPU
		{712FD4DF-E01C-48A2-B35C-41773ACBE40A}.Debug|Any CPU.Build.0 = Debug|Any CPU
		{712FD4DF-E01C-48A2-B35C-41773ACBE40A}.Debug|ARM.ActiveCfg = Debug|ARM
		{712FD4DF-E01C-48A2-B35C-41773ACBE40A}.Debug|ARM.Build.0 = Debug|ARM
		{712FD4DF-E01C-48A2-B35C-41773ACBE40A}.Debug|ARM64.ActiveCfg = Debug|ARM64
		{712FD4DF-E01C-48A2-B35C-41773ACBE40A}.Debug|ARM64.Build.0 = Debug|ARM64
		{712FD4DF-E01C-48A2-B35C-41773ACBE40A}.Debug|x64.ActiveCfg = Debug|x64
		{712FD4DF-E01C-48A2-B35C-41773ACBE40A}.Debug|x64.Build.0 = Debug|x64
		{712FD4DF-E01C-48A2-B35C-41773ACBE40A}.Debug|x86.ActiveCfg = Debug|x86
		{712FD4DF-E01C-48A2-B35C-41773ACBE40A}.Debug|x86.Build.0 = Debug|x86
		{712FD4DF-E01C-48A2-B35C-41773ACBE40A}.Release|Any CPU.ActiveCfg = Release|Any CPU
		{712FD4DF-E01C-48A2-B35C-41773ACBE40A}.Release|Any CPU.Build.0 = Release|Any CPU
		{712FD4DF-E01C-48A2-B35C-41773ACBE40A}.Release|ARM.ActiveCfg = Release|ARM
		{712FD4DF-E01C-48A2-B35C-41773ACBE40A}.Release|ARM.Build.0 = Release|ARM
		{712FD4DF-E01C-48A2-B35C-41773ACBE40A}.Release|ARM64.ActiveCfg = Release|ARM64
		{712FD4DF-E01C-48A2-B35C-41773ACBE40A}.Release|ARM64.Build.0 = Release|ARM64
		{712FD4DF-E01C-48A2-B35C-41773ACBE40A}.Release|x64.ActiveCfg = Release|x64
		{712FD4DF-E01C-48A2-B35C-41773ACBE40A}.Release|x64.Build.0 = Release|x64
		{712FD4DF-E01C-48A2-B35C-41773ACBE40A}.Release|x86.ActiveCfg = Release|x86
		{712FD4DF-E01C-48A2-B35C-41773ACBE40A}.Release|x86.Build.0 = Release|x86
		{982D0EA7-9E43-497B-8F73-992EC268C025}.Debug|Any CPU.ActiveCfg = Debug|Any CPU
		{982D0EA7-9E43-497B-8F73-992EC268C025}.Debug|Any CPU.Build.0 = Debug|Any CPU
		{982D0EA7-9E43-497B-8F73-992EC268C025}.Debug|ARM.ActiveCfg = Debug|ARM
		{982D0EA7-9E43-497B-8F73-992EC268C025}.Debug|ARM.Build.0 = Debug|ARM
		{982D0EA7-9E43-497B-8F73-992EC268C025}.Debug|ARM64.ActiveCfg = Debug|ARM64
		{982D0EA7-9E43-497B-8F73-992EC268C025}.Debug|ARM64.Build.0 = Debug|ARM64
		{982D0EA7-9E43-497B-8F73-992EC268C025}.Debug|x64.ActiveCfg = Debug|x64
		{982D0EA7-9E43-497B-8F73-992EC268C025}.Debug|x64.Build.0 = Debug|x64
		{982D0EA7-9E43-497B-8F73-992EC268C025}.Debug|x86.ActiveCfg = Debug|x86
		{982D0EA7-9E43-497B-8F73-992EC268C025}.Debug|x86.Build.0 = Debug|x86
		{982D0EA7-9E43-497B-8F73-992EC268C025}.Release|Any CPU.ActiveCfg = Release|Any CPU
		{982D0EA7-9E43-497B-8F73-992EC268C025}.Release|Any CPU.Build.0 = Release|Any CPU
		{982D0EA7-9E43-497B-8F73-992EC268C025}.Release|ARM.ActiveCfg = Release|ARM
		{982D0EA7-9E43-497B-8F73-992EC268C025}.Release|ARM.Build.0 = Release|ARM
		{982D0EA7-9E43-497B-8F73-992EC268C025}.Release|ARM64.ActiveCfg = Release|ARM64
		{982D0EA7-9E43-497B-8F73-992EC268C025}.Release|ARM64.Build.0 = Release|ARM64
		{982D0EA7-9E43-497B-8F73-992EC268C025}.Release|x64.ActiveCfg = Release|x64
		{982D0EA7-9E43-497B-8F73-992EC268C025}.Release|x64.Build.0 = Release|x64
		{982D0EA7-9E43-497B-8F73-992EC268C025}.Release|x86.ActiveCfg = Release|x86
		{982D0EA7-9E43-497B-8F73-992EC268C025}.Release|x86.Build.0 = Release|x86
		{33D5E5F7-CE4E-4379-867D-EE3D1DA7C6C3}.Debug|Any CPU.ActiveCfg = Debug|Any CPU
		{33D5E5F7-CE4E-4379-867D-EE3D1DA7C6C3}.Debug|Any CPU.Build.0 = Debug|Any CPU
		{33D5E5F7-CE4E-4379-867D-EE3D1DA7C6C3}.Debug|ARM.ActiveCfg = Debug|ARM
		{33D5E5F7-CE4E-4379-867D-EE3D1DA7C6C3}.Debug|ARM.Build.0 = Debug|ARM
		{33D5E5F7-CE4E-4379-867D-EE3D1DA7C6C3}.Debug|ARM64.ActiveCfg = Debug|ARM64
		{33D5E5F7-CE4E-4379-867D-EE3D1DA7C6C3}.Debug|ARM64.Build.0 = Debug|ARM64
		{33D5E5F7-CE4E-4379-867D-EE3D1DA7C6C3}.Debug|x64.ActiveCfg = Debug|x64
		{33D5E5F7-CE4E-4379-867D-EE3D1DA7C6C3}.Debug|x64.Build.0 = Debug|x64
		{33D5E5F7-CE4E-4379-867D-EE3D1DA7C6C3}.Debug|x86.ActiveCfg = Debug|x86
		{33D5E5F7-CE4E-4379-867D-EE3D1DA7C6C3}.Debug|x86.Build.0 = Debug|x86
		{33D5E5F7-CE4E-4379-867D-EE3D1DA7C6C3}.Release|Any CPU.ActiveCfg = Release|Any CPU
		{33D5E5F7-CE4E-4379-867D-EE3D1DA7C6C3}.Release|Any CPU.Build.0 = Release|Any CPU
		{33D5E5F7-CE4E-4379-867D-EE3D1DA7C6C3}.Release|ARM.ActiveCfg = Release|ARM
		{33D5E5F7-CE4E-4379-867D-EE3D1DA7C6C3}.Release|ARM.Build.0 = Release|ARM
		{33D5E5F7-CE4E-4379-867D-EE3D1DA7C6C3}.Release|ARM64.ActiveCfg = Release|ARM64
		{33D5E5F7-CE4E-4379-867D-EE3D1DA7C6C3}.Release|ARM64.Build.0 = Release|ARM64
		{33D5E5F7-CE4E-4379-867D-EE3D1DA7C6C3}.Release|x64.ActiveCfg = Release|x64
		{33D5E5F7-CE4E-4379-867D-EE3D1DA7C6C3}.Release|x64.Build.0 = Release|x64
		{33D5E5F7-CE4E-4379-867D-EE3D1DA7C6C3}.Release|x86.ActiveCfg = Release|x86
		{33D5E5F7-CE4E-4379-867D-EE3D1DA7C6C3}.Release|x86.Build.0 = Release|x86
		{44665223-0291-4F37-A40F-05F05C96C14D}.Debug|Any CPU.ActiveCfg = Debug|Any CPU
		{44665223-0291-4F37-A40F-05F05C96C14D}.Debug|Any CPU.Build.0 = Debug|Any CPU
		{44665223-0291-4F37-A40F-05F05C96C14D}.Debug|ARM.ActiveCfg = Debug|Any CPU
		{44665223-0291-4F37-A40F-05F05C96C14D}.Debug|ARM.Build.0 = Debug|Any CPU
		{44665223-0291-4F37-A40F-05F05C96C14D}.Debug|ARM64.ActiveCfg = Debug|Any CPU
		{44665223-0291-4F37-A40F-05F05C96C14D}.Debug|ARM64.Build.0 = Debug|Any CPU
		{44665223-0291-4F37-A40F-05F05C96C14D}.Debug|x64.ActiveCfg = Debug|Any CPU
		{44665223-0291-4F37-A40F-05F05C96C14D}.Debug|x64.Build.0 = Debug|Any CPU
		{44665223-0291-4F37-A40F-05F05C96C14D}.Debug|x86.ActiveCfg = Debug|Any CPU
		{44665223-0291-4F37-A40F-05F05C96C14D}.Debug|x86.Build.0 = Debug|Any CPU
		{44665223-0291-4F37-A40F-05F05C96C14D}.Release|Any CPU.ActiveCfg = Release|Any CPU
		{44665223-0291-4F37-A40F-05F05C96C14D}.Release|Any CPU.Build.0 = Release|Any CPU
		{44665223-0291-4F37-A40F-05F05C96C14D}.Release|ARM.ActiveCfg = Release|Any CPU
		{44665223-0291-4F37-A40F-05F05C96C14D}.Release|ARM.Build.0 = Release|Any CPU
		{44665223-0291-4F37-A40F-05F05C96C14D}.Release|ARM64.ActiveCfg = Release|Any CPU
		{44665223-0291-4F37-A40F-05F05C96C14D}.Release|ARM64.Build.0 = Release|Any CPU
		{44665223-0291-4F37-A40F-05F05C96C14D}.Release|x64.ActiveCfg = Release|Any CPU
		{44665223-0291-4F37-A40F-05F05C96C14D}.Release|x64.Build.0 = Release|Any CPU
		{44665223-0291-4F37-A40F-05F05C96C14D}.Release|x86.ActiveCfg = Release|Any CPU
		{44665223-0291-4F37-A40F-05F05C96C14D}.Release|x86.Build.0 = Release|Any CPU
		{46914FDE-8259-4CDA-B0C4-BF63CDE85414}.Debug|Any CPU.ActiveCfg = Debug|Any CPU
		{46914FDE-8259-4CDA-B0C4-BF63CDE85414}.Debug|Any CPU.Build.0 = Debug|Any CPU
		{46914FDE-8259-4CDA-B0C4-BF63CDE85414}.Debug|ARM.ActiveCfg = Debug|Any CPU
		{46914FDE-8259-4CDA-B0C4-BF63CDE85414}.Debug|ARM.Build.0 = Debug|Any CPU
		{46914FDE-8259-4CDA-B0C4-BF63CDE85414}.Debug|ARM64.ActiveCfg = Debug|Any CPU
		{46914FDE-8259-4CDA-B0C4-BF63CDE85414}.Debug|ARM64.Build.0 = Debug|Any CPU
		{46914FDE-8259-4CDA-B0C4-BF63CDE85414}.Debug|x64.ActiveCfg = Debug|Any CPU
		{46914FDE-8259-4CDA-B0C4-BF63CDE85414}.Debug|x64.Build.0 = Debug|Any CPU
		{46914FDE-8259-4CDA-B0C4-BF63CDE85414}.Debug|x86.ActiveCfg = Debug|Any CPU
		{46914FDE-8259-4CDA-B0C4-BF63CDE85414}.Debug|x86.Build.0 = Debug|Any CPU
		{46914FDE-8259-4CDA-B0C4-BF63CDE85414}.Release|Any CPU.ActiveCfg = Release|Any CPU
		{46914FDE-8259-4CDA-B0C4-BF63CDE85414}.Release|Any CPU.Build.0 = Release|Any CPU
		{46914FDE-8259-4CDA-B0C4-BF63CDE85414}.Release|ARM.ActiveCfg = Release|Any CPU
		{46914FDE-8259-4CDA-B0C4-BF63CDE85414}.Release|ARM.Build.0 = Release|Any CPU
		{46914FDE-8259-4CDA-B0C4-BF63CDE85414}.Release|ARM64.ActiveCfg = Release|Any CPU
		{46914FDE-8259-4CDA-B0C4-BF63CDE85414}.Release|ARM64.Build.0 = Release|Any CPU
		{46914FDE-8259-4CDA-B0C4-BF63CDE85414}.Release|x64.ActiveCfg = Release|Any CPU
		{46914FDE-8259-4CDA-B0C4-BF63CDE85414}.Release|x64.Build.0 = Release|Any CPU
		{46914FDE-8259-4CDA-B0C4-BF63CDE85414}.Release|x86.ActiveCfg = Release|Any CPU
		{46914FDE-8259-4CDA-B0C4-BF63CDE85414}.Release|x86.Build.0 = Release|Any CPU
		{25BCC51E-4242-48D5-8F7F-63B92AE9BA6F}.Debug|Any CPU.ActiveCfg = Debug|Any CPU
		{25BCC51E-4242-48D5-8F7F-63B92AE9BA6F}.Debug|Any CPU.Build.0 = Debug|Any CPU
		{25BCC51E-4242-48D5-8F7F-63B92AE9BA6F}.Debug|ARM.ActiveCfg = Debug|Any CPU
		{25BCC51E-4242-48D5-8F7F-63B92AE9BA6F}.Debug|ARM.Build.0 = Debug|Any CPU
		{25BCC51E-4242-48D5-8F7F-63B92AE9BA6F}.Debug|ARM64.ActiveCfg = Debug|Any CPU
		{25BCC51E-4242-48D5-8F7F-63B92AE9BA6F}.Debug|ARM64.Build.0 = Debug|Any CPU
		{25BCC51E-4242-48D5-8F7F-63B92AE9BA6F}.Debug|x64.ActiveCfg = Debug|Any CPU
		{25BCC51E-4242-48D5-8F7F-63B92AE9BA6F}.Debug|x64.Build.0 = Debug|Any CPU
		{25BCC51E-4242-48D5-8F7F-63B92AE9BA6F}.Debug|x86.ActiveCfg = Debug|Any CPU
		{25BCC51E-4242-48D5-8F7F-63B92AE9BA6F}.Debug|x86.Build.0 = Debug|Any CPU
		{25BCC51E-4242-48D5-8F7F-63B92AE9BA6F}.Release|Any CPU.ActiveCfg = Release|Any CPU
		{25BCC51E-4242-48D5-8F7F-63B92AE9BA6F}.Release|Any CPU.Build.0 = Release|Any CPU
		{25BCC51E-4242-48D5-8F7F-63B92AE9BA6F}.Release|ARM.ActiveCfg = Release|Any CPU
		{25BCC51E-4242-48D5-8F7F-63B92AE9BA6F}.Release|ARM.Build.0 = Release|Any CPU
		{25BCC51E-4242-48D5-8F7F-63B92AE9BA6F}.Release|ARM64.ActiveCfg = Release|Any CPU
		{25BCC51E-4242-48D5-8F7F-63B92AE9BA6F}.Release|ARM64.Build.0 = Release|Any CPU
		{25BCC51E-4242-48D5-8F7F-63B92AE9BA6F}.Release|x64.ActiveCfg = Release|Any CPU
		{25BCC51E-4242-48D5-8F7F-63B92AE9BA6F}.Release|x64.Build.0 = Release|Any CPU
		{25BCC51E-4242-48D5-8F7F-63B92AE9BA6F}.Release|x86.ActiveCfg = Release|Any CPU
		{25BCC51E-4242-48D5-8F7F-63B92AE9BA6F}.Release|x86.Build.0 = Release|Any CPU
		{3DD34FD2-452B-49B6-BB64-94DEB69E7D25}.Debug|Any CPU.ActiveCfg = Debug|Any CPU
		{3DD34FD2-452B-49B6-BB64-94DEB69E7D25}.Debug|Any CPU.Build.0 = Debug|Any CPU
		{3DD34FD2-452B-49B6-BB64-94DEB69E7D25}.Debug|ARM.ActiveCfg = Debug|ARM
		{3DD34FD2-452B-49B6-BB64-94DEB69E7D25}.Debug|ARM.Build.0 = Debug|ARM
		{3DD34FD2-452B-49B6-BB64-94DEB69E7D25}.Debug|ARM64.ActiveCfg = Debug|ARM64
		{3DD34FD2-452B-49B6-BB64-94DEB69E7D25}.Debug|ARM64.Build.0 = Debug|ARM64
		{3DD34FD2-452B-49B6-BB64-94DEB69E7D25}.Debug|x64.ActiveCfg = Debug|x64
		{3DD34FD2-452B-49B6-BB64-94DEB69E7D25}.Debug|x64.Build.0 = Debug|x64
		{3DD34FD2-452B-49B6-BB64-94DEB69E7D25}.Debug|x86.ActiveCfg = Debug|x86
		{3DD34FD2-452B-49B6-BB64-94DEB69E7D25}.Debug|x86.Build.0 = Debug|x86
		{3DD34FD2-452B-49B6-BB64-94DEB69E7D25}.Release|Any CPU.ActiveCfg = Release|Any CPU
		{3DD34FD2-452B-49B6-BB64-94DEB69E7D25}.Release|Any CPU.Build.0 = Release|Any CPU
		{3DD34FD2-452B-49B6-BB64-94DEB69E7D25}.Release|ARM.ActiveCfg = Release|ARM
		{3DD34FD2-452B-49B6-BB64-94DEB69E7D25}.Release|ARM.Build.0 = Release|ARM
		{3DD34FD2-452B-49B6-BB64-94DEB69E7D25}.Release|ARM64.ActiveCfg = Release|ARM64
		{3DD34FD2-452B-49B6-BB64-94DEB69E7D25}.Release|ARM64.Build.0 = Release|ARM64
		{3DD34FD2-452B-49B6-BB64-94DEB69E7D25}.Release|x64.ActiveCfg = Release|x64
		{3DD34FD2-452B-49B6-BB64-94DEB69E7D25}.Release|x64.Build.0 = Release|x64
		{3DD34FD2-452B-49B6-BB64-94DEB69E7D25}.Release|x86.ActiveCfg = Release|x86
		{3DD34FD2-452B-49B6-BB64-94DEB69E7D25}.Release|x86.Build.0 = Release|x86
		{86BECEEA-5800-423E-9752-6C0229CE893B}.Debug|Any CPU.ActiveCfg = Debug|Any CPU
		{86BECEEA-5800-423E-9752-6C0229CE893B}.Debug|Any CPU.Build.0 = Debug|Any CPU
		{86BECEEA-5800-423E-9752-6C0229CE893B}.Debug|ARM.ActiveCfg = Debug|Any CPU
		{86BECEEA-5800-423E-9752-6C0229CE893B}.Debug|ARM.Build.0 = Debug|Any CPU
		{86BECEEA-5800-423E-9752-6C0229CE893B}.Debug|ARM64.ActiveCfg = Debug|Any CPU
		{86BECEEA-5800-423E-9752-6C0229CE893B}.Debug|ARM64.Build.0 = Debug|Any CPU
		{86BECEEA-5800-423E-9752-6C0229CE893B}.Debug|x64.ActiveCfg = Debug|Any CPU
		{86BECEEA-5800-423E-9752-6C0229CE893B}.Debug|x64.Build.0 = Debug|Any CPU
		{86BECEEA-5800-423E-9752-6C0229CE893B}.Debug|x86.ActiveCfg = Debug|Any CPU
		{86BECEEA-5800-423E-9752-6C0229CE893B}.Debug|x86.Build.0 = Debug|Any CPU
		{86BECEEA-5800-423E-9752-6C0229CE893B}.Release|Any CPU.ActiveCfg = Release|Any CPU
		{86BECEEA-5800-423E-9752-6C0229CE893B}.Release|Any CPU.Build.0 = Release|Any CPU
		{86BECEEA-5800-423E-9752-6C0229CE893B}.Release|ARM.ActiveCfg = Release|Any CPU
		{86BECEEA-5800-423E-9752-6C0229CE893B}.Release|ARM.Build.0 = Release|Any CPU
		{86BECEEA-5800-423E-9752-6C0229CE893B}.Release|ARM64.ActiveCfg = Release|Any CPU
		{86BECEEA-5800-423E-9752-6C0229CE893B}.Release|ARM64.Build.0 = Release|Any CPU
		{86BECEEA-5800-423E-9752-6C0229CE893B}.Release|x64.ActiveCfg = Release|Any CPU
		{86BECEEA-5800-423E-9752-6C0229CE893B}.Release|x64.Build.0 = Release|Any CPU
		{86BECEEA-5800-423E-9752-6C0229CE893B}.Release|x86.ActiveCfg = Release|Any CPU
		{86BECEEA-5800-423E-9752-6C0229CE893B}.Release|x86.Build.0 = Release|Any CPU
		{3F1BEF61-D0BF-4781-A408-46569CA82C8E}.Debug|Any CPU.ActiveCfg = Debug|Any CPU
		{3F1BEF61-D0BF-4781-A408-46569CA82C8E}.Debug|Any CPU.Build.0 = Debug|Any CPU
		{3F1BEF61-D0BF-4781-A408-46569CA82C8E}.Debug|ARM.ActiveCfg = Debug|Any CPU
		{3F1BEF61-D0BF-4781-A408-46569CA82C8E}.Debug|ARM.Build.0 = Debug|Any CPU
		{3F1BEF61-D0BF-4781-A408-46569CA82C8E}.Debug|ARM64.ActiveCfg = Debug|Any CPU
		{3F1BEF61-D0BF-4781-A408-46569CA82C8E}.Debug|ARM64.Build.0 = Debug|Any CPU
		{3F1BEF61-D0BF-4781-A408-46569CA82C8E}.Debug|x64.ActiveCfg = Debug|Any CPU
		{3F1BEF61-D0BF-4781-A408-46569CA82C8E}.Debug|x64.Build.0 = Debug|Any CPU
		{3F1BEF61-D0BF-4781-A408-46569CA82C8E}.Debug|x86.ActiveCfg = Debug|Any CPU
		{3F1BEF61-D0BF-4781-A408-46569CA82C8E}.Debug|x86.Build.0 = Debug|Any CPU
		{3F1BEF61-D0BF-4781-A408-46569CA82C8E}.Release|Any CPU.ActiveCfg = Release|Any CPU
		{3F1BEF61-D0BF-4781-A408-46569CA82C8E}.Release|Any CPU.Build.0 = Release|Any CPU
		{3F1BEF61-D0BF-4781-A408-46569CA82C8E}.Release|ARM.ActiveCfg = Release|Any CPU
		{3F1BEF61-D0BF-4781-A408-46569CA82C8E}.Release|ARM.Build.0 = Release|Any CPU
		{3F1BEF61-D0BF-4781-A408-46569CA82C8E}.Release|ARM64.ActiveCfg = Release|Any CPU
		{3F1BEF61-D0BF-4781-A408-46569CA82C8E}.Release|ARM64.Build.0 = Release|Any CPU
		{3F1BEF61-D0BF-4781-A408-46569CA82C8E}.Release|x64.ActiveCfg = Release|Any CPU
		{3F1BEF61-D0BF-4781-A408-46569CA82C8E}.Release|x64.Build.0 = Release|Any CPU
		{3F1BEF61-D0BF-4781-A408-46569CA82C8E}.Release|x86.ActiveCfg = Release|Any CPU
		{3F1BEF61-D0BF-4781-A408-46569CA82C8E}.Release|x86.Build.0 = Release|Any CPU
	EndGlobalSection
	GlobalSection(SolutionProperties) = preSolution
		HideSolutionNode = FALSE
	EndGlobalSection
	GlobalSection(ExtensibilityGlobals) = postSolution
		SolutionGuid = {4DDDCB58-41DB-418F-9AB6-B9125B150417}
	EndGlobalSection
EndGlobal
