
Microsoft Visual Studio Solution File, Format Version 12.00
# Visual Studio 15
VisualStudioVersion = 15.0.28307.572
MinimumVisualStudioVersion = 10.0.40219.1
Project("{FAE04EC0-301F-11D3-BF4B-00C04F79EFBC}") = "Mqtt.IoTCore.FieldGateway.LoRa", "Mqtt.IoTCore.FieldGateway.LoRa\Mqtt.IoTCore.FieldGateway.LoRa.csproj", "{B0FCF65E-A145-4E11-B2AF-CBDE791B6BD1}"
EndProject
Project("{FAE04EC0-301F-11D3-BF4B-00C04F79EFBC}") = "Rfm9XLoRaDevice", "Rfm9XLoRaDevice\Rfm9XLoRaDevice.csproj", "{7C875578-673E-4896-8B01-8CD9F6DF0C7D}"
EndProject
Project("{9A19103F-16F7-4668-BE54-9A1E7A4F7556}") = "Mqtt.TestClient.AdaFruit", "Mqtt.TestClient.AdaFruit\Mqtt.TestClient.AdaFruit.csproj", "{59E95539-DD45-44ED-909A-6AB3F0B5C8E8}"
EndProject
Project("{9A19103F-16F7-4668-BE54-9A1E7A4F7556}") = "Mqtt.TestClient.AzureIoTHub", "Mqtt.TestClient.AzureIoTHub\Mqtt.TestClient.AzureIoTHub.csproj", "{1887B201-BFD0-4DA9-A3B9-851C6D4FC993}"
EndProject
Project("{9A19103F-16F7-4668-BE54-9A1E7A4F7556}") = "TestClient.MQTTnet.MyDevicesCayenne", "TestClient.MQTTnet.MyDevicesCayenne\TestClient.MQTTnet.MyDevicesCayenne.csproj", "{4714CA42-BA37-4CE3-ABAC-0B727FBD4F53}"
EndProject
Global
	GlobalSection(SolutionConfigurationPlatforms) = preSolution
		Debug|Any CPU = Debug|Any CPU
		Debug|ARM = Debug|ARM
		Debug|x64 = Debug|x64
		Debug|x86 = Debug|x86
		Release|Any CPU = Release|Any CPU
		Release|ARM = Release|ARM
		Release|x64 = Release|x64
		Release|x86 = Release|x86
	EndGlobalSection
	GlobalSection(ProjectConfigurationPlatforms) = postSolution
		{B0FCF65E-A145-4E11-B2AF-CBDE791B6BD1}.Debug|Any CPU.ActiveCfg = Debug|ARM
		{B0FCF65E-A145-4E11-B2AF-CBDE791B6BD1}.Debug|Any CPU.Build.0 = Debug|ARM
		{B0FCF65E-A145-4E11-B2AF-CBDE791B6BD1}.Debug|Any CPU.Deploy.0 = Debug|ARM
		{B0FCF65E-A145-4E11-B2AF-CBDE791B6BD1}.Debug|ARM.ActiveCfg = Debug|ARM
		{B0FCF65E-A145-4E11-B2AF-CBDE791B6BD1}.Debug|ARM.Build.0 = Debug|ARM
		{B0FCF65E-A145-4E11-B2AF-CBDE791B6BD1}.Debug|ARM.Deploy.0 = Debug|ARM
		{B0FCF65E-A145-4E11-B2AF-CBDE791B6BD1}.Debug|x64.ActiveCfg = Debug|x64
		{B0FCF65E-A145-4E11-B2AF-CBDE791B6BD1}.Debug|x64.Build.0 = Debug|x64
		{B0FCF65E-A145-4E11-B2AF-CBDE791B6BD1}.Debug|x64.Deploy.0 = Debug|x64
		{B0FCF65E-A145-4E11-B2AF-CBDE791B6BD1}.Debug|x86.ActiveCfg = Debug|x86
		{B0FCF65E-A145-4E11-B2AF-CBDE791B6BD1}.Debug|x86.Build.0 = Debug|x86
		{B0FCF65E-A145-4E11-B2AF-CBDE791B6BD1}.Debug|x86.Deploy.0 = Debug|x86
		{B0FCF65E-A145-4E11-B2AF-CBDE791B6BD1}.Release|Any CPU.ActiveCfg = Release|x86
		{B0FCF65E-A145-4E11-B2AF-CBDE791B6BD1}.Release|ARM.ActiveCfg = Release|ARM
		{B0FCF65E-A145-4E11-B2AF-CBDE791B6BD1}.Release|ARM.Build.0 = Release|ARM
		{B0FCF65E-A145-4E11-B2AF-CBDE791B6BD1}.Release|ARM.Deploy.0 = Release|ARM
		{B0FCF65E-A145-4E11-B2AF-CBDE791B6BD1}.Release|x64.ActiveCfg = Release|x64
		{B0FCF65E-A145-4E11-B2AF-CBDE791B6BD1}.Release|x64.Build.0 = Release|x64
		{B0FCF65E-A145-4E11-B2AF-CBDE791B6BD1}.Release|x64.Deploy.0 = Release|x64
		{B0FCF65E-A145-4E11-B2AF-CBDE791B6BD1}.Release|x86.ActiveCfg = Release|x86
		{B0FCF65E-A145-4E11-B2AF-CBDE791B6BD1}.Release|x86.Build.0 = Release|x86
		{B0FCF65E-A145-4E11-B2AF-CBDE791B6BD1}.Release|x86.Deploy.0 = Release|x86
		{7C875578-673E-4896-8B01-8CD9F6DF0C7D}.Debug|Any CPU.ActiveCfg = Debug|ARM
		{7C875578-673E-4896-8B01-8CD9F6DF0C7D}.Debug|Any CPU.Build.0 = Debug|ARM
		{7C875578-673E-4896-8B01-8CD9F6DF0C7D}.Debug|ARM.ActiveCfg = Debug|ARM
		{7C875578-673E-4896-8B01-8CD9F6DF0C7D}.Debug|ARM.Build.0 = Debug|ARM
		{7C875578-673E-4896-8B01-8CD9F6DF0C7D}.Debug|x64.ActiveCfg = Debug|x64
		{7C875578-673E-4896-8B01-8CD9F6DF0C7D}.Debug|x64.Build.0 = Debug|x64
		{7C875578-673E-4896-8B01-8CD9F6DF0C7D}.Debug|x86.ActiveCfg = Debug|x86
		{7C875578-673E-4896-8B01-8CD9F6DF0C7D}.Debug|x86.Build.0 = Debug|x86
		{7C875578-673E-4896-8B01-8CD9F6DF0C7D}.Release|Any CPU.ActiveCfg = Release|Any CPU
		{7C875578-673E-4896-8B01-8CD9F6DF0C7D}.Release|Any CPU.Build.0 = Release|Any CPU
		{7C875578-673E-4896-8B01-8CD9F6DF0C7D}.Release|ARM.ActiveCfg = Release|ARM
		{7C875578-673E-4896-8B01-8CD9F6DF0C7D}.Release|ARM.Build.0 = Release|ARM
		{7C875578-673E-4896-8B01-8CD9F6DF0C7D}.Release|x64.ActiveCfg = Release|x64
		{7C875578-673E-4896-8B01-8CD9F6DF0C7D}.Release|x64.Build.0 = Release|x64
		{7C875578-673E-4896-8B01-8CD9F6DF0C7D}.Release|x86.ActiveCfg = Release|x86
		{7C875578-673E-4896-8B01-8CD9F6DF0C7D}.Release|x86.Build.0 = Release|x86
		{59E95539-DD45-44ED-909A-6AB3F0B5C8E8}.Debug|Any CPU.ActiveCfg = Debug|Any CPU
		{59E95539-DD45-44ED-909A-6AB3F0B5C8E8}.Debug|Any CPU.Build.0 = Debug|Any CPU
		{59E95539-DD45-44ED-909A-6AB3F0B5C8E8}.Debug|ARM.ActiveCfg = Debug|Any CPU
		{59E95539-DD45-44ED-909A-6AB3F0B5C8E8}.Debug|ARM.Build.0 = Debug|Any CPU
		{59E95539-DD45-44ED-909A-6AB3F0B5C8E8}.Debug|x64.ActiveCfg = Debug|Any CPU
		{59E95539-DD45-44ED-909A-6AB3F0B5C8E8}.Debug|x64.Build.0 = Debug|Any CPU
		{59E95539-DD45-44ED-909A-6AB3F0B5C8E8}.Debug|x86.ActiveCfg = Debug|Any CPU
		{59E95539-DD45-44ED-909A-6AB3F0B5C8E8}.Debug|x86.Build.0 = Debug|Any CPU
		{59E95539-DD45-44ED-909A-6AB3F0B5C8E8}.Release|Any CPU.ActiveCfg = Release|Any CPU
		{59E95539-DD45-44ED-909A-6AB3F0B5C8E8}.Release|Any CPU.Build.0 = Release|Any CPU
		{59E95539-DD45-44ED-909A-6AB3F0B5C8E8}.Release|ARM.ActiveCfg = Release|Any CPU
		{59E95539-DD45-44ED-909A-6AB3F0B5C8E8}.Release|ARM.Build.0 = Release|Any CPU
		{59E95539-DD45-44ED-909A-6AB3F0B5C8E8}.Release|x64.ActiveCfg = Release|Any CPU
		{59E95539-DD45-44ED-909A-6AB3F0B5C8E8}.Release|x64.Build.0 = Release|Any CPU
		{59E95539-DD45-44ED-909A-6AB3F0B5C8E8}.Release|x86.ActiveCfg = Release|Any CPU
		{59E95539-DD45-44ED-909A-6AB3F0B5C8E8}.Release|x86.Build.0 = Release|Any CPU
		{1887B201-BFD0-4DA9-A3B9-851C6D4FC993}.Debug|Any CPU.ActiveCfg = Debug|Any CPU
		{1887B201-BFD0-4DA9-A3B9-851C6D4FC993}.Debug|Any CPU.Build.0 = Debug|Any CPU
		{1887B201-BFD0-4DA9-A3B9-851C6D4FC993}.Debug|ARM.ActiveCfg = Debug|Any CPU
		{1887B201-BFD0-4DA9-A3B9-851C6D4FC993}.Debug|ARM.Build.0 = Debug|Any CPU
		{1887B201-BFD0-4DA9-A3B9-851C6D4FC993}.Debug|x64.ActiveCfg = Debug|Any CPU
		{1887B201-BFD0-4DA9-A3B9-851C6D4FC993}.Debug|x64.Build.0 = Debug|Any CPU
		{1887B201-BFD0-4DA9-A3B9-851C6D4FC993}.Debug|x86.ActiveCfg = Debug|Any CPU
		{1887B201-BFD0-4DA9-A3B9-851C6D4FC993}.Debug|x86.Build.0 = Debug|Any CPU
		{1887B201-BFD0-4DA9-A3B9-851C6D4FC993}.Release|Any CPU.ActiveCfg = Release|Any CPU
		{1887B201-BFD0-4DA9-A3B9-851C6D4FC993}.Release|Any CPU.Build.0 = Release|Any CPU
		{1887B201-BFD0-4DA9-A3B9-851C6D4FC993}.Release|ARM.ActiveCfg = Release|Any CPU
		{1887B201-BFD0-4DA9-A3B9-851C6D4FC993}.Release|ARM.Build.0 = Release|Any CPU
		{1887B201-BFD0-4DA9-A3B9-851C6D4FC993}.Release|x64.ActiveCfg = Release|Any CPU
		{1887B201-BFD0-4DA9-A3B9-851C6D4FC993}.Release|x64.Build.0 = Release|Any CPU
		{1887B201-BFD0-4DA9-A3B9-851C6D4FC993}.Release|x86.ActiveCfg = Release|Any CPU
		{1887B201-BFD0-4DA9-A3B9-851C6D4FC993}.Release|x86.Build.0 = Release|Any CPU
		{4714CA42-BA37-4CE3-ABAC-0B727FBD4F53}.Debug|Any CPU.ActiveCfg = Debug|Any CPU
		{4714CA42-BA37-4CE3-ABAC-0B727FBD4F53}.Debug|Any CPU.Build.0 = Debug|Any CPU
		{4714CA42-BA37-4CE3-ABAC-0B727FBD4F53}.Debug|ARM.ActiveCfg = Debug|Any CPU
		{4714CA42-BA37-4CE3-ABAC-0B727FBD4F53}.Debug|ARM.Build.0 = Debug|Any CPU
		{4714CA42-BA37-4CE3-ABAC-0B727FBD4F53}.Debug|x64.ActiveCfg = Debug|Any CPU
		{4714CA42-BA37-4CE3-ABAC-0B727FBD4F53}.Debug|x64.Build.0 = Debug|Any CPU
		{4714CA42-BA37-4CE3-ABAC-0B727FBD4F53}.Debug|x86.ActiveCfg = Debug|Any CPU
		{4714CA42-BA37-4CE3-ABAC-0B727FBD4F53}.Debug|x86.Build.0 = Debug|Any CPU
		{4714CA42-BA37-4CE3-ABAC-0B727FBD4F53}.Release|Any CPU.ActiveCfg = Release|Any CPU
		{4714CA42-BA37-4CE3-ABAC-0B727FBD4F53}.Release|Any CPU.Build.0 = Release|Any CPU
		{4714CA42-BA37-4CE3-ABAC-0B727FBD4F53}.Release|ARM.ActiveCfg = Release|Any CPU
		{4714CA42-BA37-4CE3-ABAC-0B727FBD4F53}.Release|ARM.Build.0 = Release|Any CPU
		{4714CA42-BA37-4CE3-ABAC-0B727FBD4F53}.Release|x64.ActiveCfg = Release|Any CPU
		{4714CA42-BA37-4CE3-ABAC-0B727FBD4F53}.Release|x64.Build.0 = Release|Any CPU
		{4714CA42-BA37-4CE3-ABAC-0B727FBD4F53}.Release|x86.ActiveCfg = Release|Any CPU
		{4714CA42-BA37-4CE3-ABAC-0B727FBD4F53}.Release|x86.Build.0 = Release|Any CPU
	EndGlobalSection
	GlobalSection(SolutionProperties) = preSolution
		HideSolutionNode = FALSE
	EndGlobalSection
	GlobalSection(ExtensibilityGlobals) = postSolution
		SolutionGuid = {4DDDCB58-41DB-418F-9AB6-B9125B150417}
	EndGlobalSection
EndGlobal
